// !$*UTF8*$!
{
	archiveVersion = 1;
	classes = {
	};
	objectVersion = 45;
	objects = {

/* Begin PBXBuildFile section */
		8DC2EF530486A6940098B216 /* InfoPlist.strings in Resources */ = {isa = PBXBuildFile; fileRef = 089C1666FE841158C02AAC07 /* InfoPlist.strings */; };
		8DC2EF570486A6940098B216 /* Cocoa.framework in Frameworks */ = {isa = PBXBuildFile; fileRef = 1058C7B1FEA5585E11CA2CBB /* Cocoa.framework */; };
		E518ABE710B9E71700D2E454 /* libplplot.dylib in Frameworks */ = {isa = PBXBuildFile; fileRef = E518ABE610B9E71700D2E454 /* libplplot.dylib */; };
		E518ABE810B9E71800D2E454 /* libplplot.dylib in Frameworks */ = {isa = PBXBuildFile; fileRef = E518ABE610B9E71700D2E454 /* libplplot.dylib */; };
		E518AD6410BB22C800D2E454 /* XN2DPlot.h in Headers */ = {isa = PBXBuildFile; fileRef = E518AD6210BB22C800D2E454 /* XN2DPlot.h */; settings = {ATTRIBUTES = (Public, ); }; };
		E518AD6510BB22C800D2E454 /* XN2DPlot.m in Sources */ = {isa = PBXBuildFile; fileRef = E518AD6310BB22C800D2E454 /* XN2DPlot.m */; };
		E518AD6610BB22C800D2E454 /* XN2DPlot.m in Sources */ = {isa = PBXBuildFile; fileRef = E518AD6310BB22C800D2E454 /* XN2DPlot.m */; };
		E518AD7A10BB262700D2E454 /* XNLineData.h in Headers */ = {isa = PBXBuildFile; fileRef = E518AD7810BB262700D2E454 /* XNLineData.h */; settings = {ATTRIBUTES = (Public, ); }; };
		E518AD7B10BB262700D2E454 /* XNLineData.m in Sources */ = {isa = PBXBuildFile; fileRef = E518AD7910BB262700D2E454 /* XNLineData.m */; };
		E518AD7C10BB262700D2E454 /* XNLineData.m in Sources */ = {isa = PBXBuildFile; fileRef = E518AD7910BB262700D2E454 /* XNLineData.m */; };
		E518B00B10BB471500D2E454 /* XNFloatRange.h in Headers */ = {isa = PBXBuildFile; fileRef = E518B00910BB471500D2E454 /* XNFloatRange.h */; settings = {ATTRIBUTES = (Public, ); }; };
		E518B00C10BB471500D2E454 /* XNFloatRange.m in Sources */ = {isa = PBXBuildFile; fileRef = E518B00A10BB471500D2E454 /* XNFloatRange.m */; };
		E518B00D10BB471500D2E454 /* XNFloatRange.m in Sources */ = {isa = PBXBuildFile; fileRef = E518B00A10BB471500D2E454 /* XNFloatRange.m */; };
		E5751F1110B602D8004D572E /* XNMaths.h in Headers */ = {isa = PBXBuildFile; fileRef = E5751F0F10B602D8004D572E /* XNMaths.h */; settings = {ATTRIBUTES = (Public, ); }; };
		E5751F3110B60492004D572E /* GCMathParser.h in Headers */ = {isa = PBXBuildFile; fileRef = E5751F2D10B60492004D572E /* GCMathParser.h */; settings = {ATTRIBUTES = (Public, ); }; };
		E5751F3210B60492004D572E /* GCMathParser.m in Sources */ = {isa = PBXBuildFile; fileRef = E5751F2E10B60492004D572E /* GCMathParser.m */; };
		E5751F3310B60492004D572E /* ZExpParser.h in Headers */ = {isa = PBXBuildFile; fileRef = E5751F2F10B60492004D572E /* ZExpParser.h */; settings = {ATTRIBUTES = (Public, ); }; };
		E5751F3410B60492004D572E /* ZExpParser.mm in Sources */ = {isa = PBXBuildFile; fileRef = E5751F3010B60492004D572E /* ZExpParser.mm */; };
		E5751F5F10B60516004D572E /* XNFunction.h in Headers */ = {isa = PBXBuildFile; fileRef = E5751F5D10B60516004D572E /* XNFunction.h */; settings = {ATTRIBUTES = (Public, ); }; };
		E5751F6010B60516004D572E /* XNFunction.m in Sources */ = {isa = PBXBuildFile; fileRef = E5751F5E10B60516004D572E /* XNFunction.m */; };
		E5751F6510B60522004D572E /* XNFunction+LagrangeInterpolation.h in Headers */ = {isa = PBXBuildFile; fileRef = E5751F6110B60522004D572E /* XNFunction+LagrangeInterpolation.h */; settings = {ATTRIBUTES = (Public, ); }; };
		E5751F6610B60522004D572E /* XNFunction+LagrangeInterpolation.m in Sources */ = {isa = PBXBuildFile; fileRef = E5751F6210B60522004D572E /* XNFunction+LagrangeInterpolation.m */; };
		E5751F6710B60522004D572E /* XNFunction+NewtonInterpolation.h in Headers */ = {isa = PBXBuildFile; fileRef = E5751F6310B60522004D572E /* XNFunction+NewtonInterpolation.h */; settings = {ATTRIBUTES = (Public, ); }; };
		E5751F6810B60522004D572E /* XNFunction+NewtonInterpolation.m in Sources */ = {isa = PBXBuildFile; fileRef = E5751F6410B60522004D572E /* XNFunction+NewtonInterpolation.m */; };
		E575216B10B64B8E004D572E /* XNVectorTest.m in Sources */ = {isa = PBXBuildFile; fileRef = E575216410B64B8E004D572E /* XNVectorTest.m */; };
		E575216C10B64B8E004D572E /* XNMatrixTest.m in Sources */ = {isa = PBXBuildFile; fileRef = E575216610B64B8E004D572E /* XNMatrixTest.m */; };
		E575216D10B64B8E004D572E /* XNLinearEquationSystemTest.m in Sources */ = {isa = PBXBuildFile; fileRef = E575216810B64B8E004D572E /* XNLinearEquationSystemTest.m */; };
		E575216E10B64B8E004D572E /* CubicSplineTest.m in Sources */ = {isa = PBXBuildFile; fileRef = E575216A10B64B8E004D572E /* CubicSplineTest.m */; };
		E575217510B64BC6004D572E /* SenTestingKit.framework in Frameworks */ = {isa = PBXBuildFile; fileRef = E575217410B64BC6004D572E /* SenTestingKit.framework */; };
		E575220E10B64BE5004D572E /* Cocoa.framework in Frameworks */ = {isa = PBXBuildFile; fileRef = 1058C7B1FEA5585E11CA2CBB /* Cocoa.framework */; };
		E575221810B64C39004D572E /* XNVector.m in Sources */ = {isa = PBXBuildFile; fileRef = E575221510B64C39004D572E /* XNVector.m */; };
		E575221910B64C39004D572E /* XNMatrix.m in Sources */ = {isa = PBXBuildFile; fileRef = E575221710B64C39004D572E /* XNMatrix.m */; };
		E575221A10B64C39004D572E /* XNVector.h in Headers */ = {isa = PBXBuildFile; fileRef = E575221410B64C39004D572E /* XNVector.h */; settings = {ATTRIBUTES = (Public, ); }; };
		E575221B10B64C39004D572E /* XNVector.m in Sources */ = {isa = PBXBuildFile; fileRef = E575221510B64C39004D572E /* XNVector.m */; };
		E575221C10B64C39004D572E /* XNMatrix.h in Headers */ = {isa = PBXBuildFile; fileRef = E575221610B64C39004D572E /* XNMatrix.h */; settings = {ATTRIBUTES = (Public, ); }; };
		E575221D10B64C39004D572E /* XNMatrix.m in Sources */ = {isa = PBXBuildFile; fileRef = E575221710B64C39004D572E /* XNMatrix.m */; };
		E575222110B64C68004D572E /* XNLinearEquationSystem.m in Sources */ = {isa = PBXBuildFile; fileRef = E575222010B64C68004D572E /* XNLinearEquationSystem.m */; };
		E575222210B64C68004D572E /* XNLinearEquationSystem.h in Headers */ = {isa = PBXBuildFile; fileRef = E575221F10B64C68004D572E /* XNLinearEquationSystem.h */; settings = {ATTRIBUTES = (Public, ); }; };
		E575222310B64C68004D572E /* XNLinearEquationSystem.m in Sources */ = {isa = PBXBuildFile; fileRef = E575222010B64C68004D572E /* XNLinearEquationSystem.m */; };
		E575222B10B64C7F004D572E /* XNCubicSpline.m in Sources */ = {isa = PBXBuildFile; fileRef = E575222A10B64C7F004D572E /* XNCubicSpline.m */; };
		E575222C10B64C7F004D572E /* XNCubicSpline.h in Headers */ = {isa = PBXBuildFile; fileRef = E575222910B64C7F004D572E /* XNCubicSpline.h */; settings = {ATTRIBUTES = (Public, ); }; };
		E575222D10B64C7F004D572E /* XNCubicSpline.m in Sources */ = {isa = PBXBuildFile; fileRef = E575222A10B64C7F004D572E /* XNCubicSpline.m */; };
		E57522F010B6661C004D572E /* XNLinearSpline.m in Sources */ = {isa = PBXBuildFile; fileRef = E57522EF10B6661C004D572E /* XNLinearSpline.m */; };
		E57522F110B6661C004D572E /* XNLinearSpline.h in Headers */ = {isa = PBXBuildFile; fileRef = E57522EE10B6661C004D572E /* XNLinearSpline.h */; settings = {ATTRIBUTES = (Public, ); }; };
		E57522F210B6661C004D572E /* XNLinearSpline.m in Sources */ = {isa = PBXBuildFile; fileRef = E57522EF10B6661C004D572E /* XNLinearSpline.m */; };
		E575248610B7968D004D572E /* README.textile in Resources */ = {isa = PBXBuildFile; fileRef = E575248510B7968D004D572E /* README.textile */; };
		E575248710B7968E004D572E /* README.textile in Resources */ = {isa = PBXBuildFile; fileRef = E575248510B7968D004D572E /* README.textile */; };
		E575249E10B79A67004D572E /* PLPlot planning.graffle in Resources */ = {isa = PBXBuildFile; fileRef = E575249D10B79A67004D572E /* PLPlot planning.graffle */; };
		E575249F10B79A67004D572E /* PLPlot planning.graffle in Resources */ = {isa = PBXBuildFile; fileRef = E575249D10B79A67004D572E /* PLPlot planning.graffle */; };
/* End PBXBuildFile section */

/* Begin PBXFileReference section */
		0867D69BFE84028FC02AAC07 /* Foundation.framework */ = {isa = PBXFileReference; lastKnownFileType = wrapper.framework; name = Foundation.framework; path = /System/Library/Frameworks/Foundation.framework; sourceTree = "<absolute>"; };
		0867D6A5FE840307C02AAC07 /* AppKit.framework */ = {isa = PBXFileReference; lastKnownFileType = wrapper.framework; name = AppKit.framework; path = /System/Library/Frameworks/AppKit.framework; sourceTree = "<absolute>"; };
		089C1667FE841158C02AAC07 /* English */ = {isa = PBXFileReference; fileEncoding = 10; lastKnownFileType = text.plist.strings; name = English; path = English.lproj/InfoPlist.strings; sourceTree = "<group>"; };
		1058C7B1FEA5585E11CA2CBB /* Cocoa.framework */ = {isa = PBXFileReference; lastKnownFileType = wrapper.framework; name = Cocoa.framework; path = /System/Library/Frameworks/Cocoa.framework; sourceTree = "<absolute>"; };
		32DBCF5E0370ADEE00C91783 /* XNMaths_Prefix.pch */ = {isa = PBXFileReference; fileEncoding = 4; lastKnownFileType = sourcecode.c.h; path = XNMaths_Prefix.pch; sourceTree = "<group>"; };
		8DC2EF5A0486A6940098B216 /* Info.plist */ = {isa = PBXFileReference; fileEncoding = 4; lastKnownFileType = text.plist.xml; path = Info.plist; sourceTree = "<group>"; };
		8DC2EF5B0486A6940098B216 /* XNMaths.framework */ = {isa = PBXFileReference; explicitFileType = wrapper.framework; includeInIndex = 0; path = XNMaths.framework; sourceTree = BUILT_PRODUCTS_DIR; };
		D2F7E79907B2D74100F64583 /* CoreData.framework */ = {isa = PBXFileReference; lastKnownFileType = wrapper.framework; name = CoreData.framework; path = /System/Library/Frameworks/CoreData.framework; sourceTree = "<absolute>"; };
		E518ABE610B9E71700D2E454 /* libplplot.dylib */ = {isa = PBXFileReference; lastKnownFileType = "compiled.mach-o.dylib"; name = libplplot.dylib; path = /usr/local/lib/libplplot.dylib; sourceTree = "<absolute>"; };
		E518AD6210BB22C800D2E454 /* XN2DPlot.h */ = {isa = PBXFileReference; fileEncoding = 4; lastKnownFileType = sourcecode.c.h; path = XN2DPlot.h; sourceTree = "<group>"; };
		E518AD6310BB22C800D2E454 /* XN2DPlot.m */ = {isa = PBXFileReference; fileEncoding = 4; lastKnownFileType = sourcecode.c.objc; path = XN2DPlot.m; sourceTree = "<group>"; };
		E518AD7810BB262700D2E454 /* XNLineData.h */ = {isa = PBXFileReference; fileEncoding = 4; lastKnownFileType = sourcecode.c.h; path = XNLineData.h; sourceTree = "<group>"; };
		E518AD7910BB262700D2E454 /* XNLineData.m */ = {isa = PBXFileReference; fileEncoding = 4; lastKnownFileType = sourcecode.c.objc; path = XNLineData.m; sourceTree = "<group>"; };
		E518B00910BB471500D2E454 /* XNFloatRange.h */ = {isa = PBXFileReference; fileEncoding = 4; lastKnownFileType = sourcecode.c.h; path = XNFloatRange.h; sourceTree = "<group>"; };
		E518B00A10BB471500D2E454 /* XNFloatRange.m */ = {isa = PBXFileReference; fileEncoding = 4; lastKnownFileType = sourcecode.c.objc; path = XNFloatRange.m; sourceTree = "<group>"; };
		E5751F0F10B602D8004D572E /* XNMaths.h */ = {isa = PBXFileReference; fileEncoding = 4; lastKnownFileType = sourcecode.c.h; path = XNMaths.h; sourceTree = "<group>"; };
		E5751F2D10B60492004D572E /* GCMathParser.h */ = {isa = PBXFileReference; fileEncoding = 4; lastKnownFileType = sourcecode.c.h; path = GCMathParser.h; sourceTree = "<group>"; };
		E5751F2E10B60492004D572E /* GCMathParser.m */ = {isa = PBXFileReference; fileEncoding = 4; lastKnownFileType = sourcecode.c.objc; path = GCMathParser.m; sourceTree = "<group>"; };
		E5751F2F10B60492004D572E /* ZExpParser.h */ = {isa = PBXFileReference; fileEncoding = 4; lastKnownFileType = sourcecode.c.h; path = ZExpParser.h; sourceTree = "<group>"; };
		E5751F3010B60492004D572E /* ZExpParser.mm */ = {isa = PBXFileReference; fileEncoding = 4; lastKnownFileType = sourcecode.cpp.objcpp; path = ZExpParser.mm; sourceTree = "<group>"; };
		E5751F5D10B60516004D572E /* XNFunction.h */ = {isa = PBXFileReference; fileEncoding = 4; lastKnownFileType = sourcecode.c.h; path = XNFunction.h; sourceTree = "<group>"; };
		E5751F5E10B60516004D572E /* XNFunction.m */ = {isa = PBXFileReference; fileEncoding = 4; lastKnownFileType = sourcecode.c.objc; path = XNFunction.m; sourceTree = "<group>"; };
		E5751F6110B60522004D572E /* XNFunction+LagrangeInterpolation.h */ = {isa = PBXFileReference; fileEncoding = 4; lastKnownFileType = sourcecode.c.h; path = "XNFunction+LagrangeInterpolation.h"; sourceTree = "<group>"; };
		E5751F6210B60522004D572E /* XNFunction+LagrangeInterpolation.m */ = {isa = PBXFileReference; fileEncoding = 4; lastKnownFileType = sourcecode.c.objc; path = "XNFunction+LagrangeInterpolation.m"; sourceTree = "<group>"; };
		E5751F6310B60522004D572E /* XNFunction+NewtonInterpolation.h */ = {isa = PBXFileReference; fileEncoding = 4; lastKnownFileType = sourcecode.c.h; path = "XNFunction+NewtonInterpolation.h"; sourceTree = "<group>"; };
		E5751F6410B60522004D572E /* XNFunction+NewtonInterpolation.m */ = {isa = PBXFileReference; fileEncoding = 4; lastKnownFileType = sourcecode.c.objc; path = "XNFunction+NewtonInterpolation.m"; sourceTree = "<group>"; };
		E575215D10B64B6D004D572E /* Test.octest */ = {isa = PBXFileReference; explicitFileType = wrapper.cfbundle; includeInIndex = 0; path = Test.octest; sourceTree = BUILT_PRODUCTS_DIR; };
		E575215E10B64B6D004D572E /* Test-Info.plist */ = {isa = PBXFileReference; lastKnownFileType = text.plist.xml; path = "Test-Info.plist"; sourceTree = "<group>"; };
		E575216310B64B8E004D572E /* XNVectorTest.h */ = {isa = PBXFileReference; fileEncoding = 4; lastKnownFileType = sourcecode.c.h; path = XNVectorTest.h; sourceTree = "<group>"; };
		E575216410B64B8E004D572E /* XNVectorTest.m */ = {isa = PBXFileReference; fileEncoding = 4; lastKnownFileType = sourcecode.c.objc; path = XNVectorTest.m; sourceTree = "<group>"; };
		E575216510B64B8E004D572E /* XNMatrixTest.h */ = {isa = PBXFileReference; fileEncoding = 4; lastKnownFileType = sourcecode.c.h; path = XNMatrixTest.h; sourceTree = "<group>"; };
		E575216610B64B8E004D572E /* XNMatrixTest.m */ = {isa = PBXFileReference; fileEncoding = 4; lastKnownFileType = sourcecode.c.objc; path = XNMatrixTest.m; sourceTree = "<group>"; };
		E575216710B64B8E004D572E /* XNLinearEquationSystemTest.h */ = {isa = PBXFileReference; fileEncoding = 4; lastKnownFileType = sourcecode.c.h; path = XNLinearEquationSystemTest.h; sourceTree = "<group>"; };
		E575216810B64B8E004D572E /* XNLinearEquationSystemTest.m */ = {isa = PBXFileReference; fileEncoding = 4; lastKnownFileType = sourcecode.c.objc; path = XNLinearEquationSystemTest.m; sourceTree = "<group>"; };
		E575216910B64B8E004D572E /* CubicSplineTest.h */ = {isa = PBXFileReference; fileEncoding = 4; lastKnownFileType = sourcecode.c.h; path = CubicSplineTest.h; sourceTree = "<group>"; };
		E575216A10B64B8E004D572E /* CubicSplineTest.m */ = {isa = PBXFileReference; fileEncoding = 4; lastKnownFileType = sourcecode.c.objc; path = CubicSplineTest.m; sourceTree = "<group>"; };
		E575217410B64BC6004D572E /* SenTestingKit.framework */ = {isa = PBXFileReference; lastKnownFileType = wrapper.framework; name = SenTestingKit.framework; path = Library/Frameworks/SenTestingKit.framework; sourceTree = DEVELOPER_DIR; };
		E575221410B64C39004D572E /* XNVector.h */ = {isa = PBXFileReference; fileEncoding = 4; lastKnownFileType = sourcecode.c.h; path = XNVector.h; sourceTree = "<group>"; };
		E575221510B64C39004D572E /* XNVector.m */ = {isa = PBXFileReference; fileEncoding = 4; lastKnownFileType = sourcecode.c.objc; path = XNVector.m; sourceTree = "<group>"; };
		E575221610B64C39004D572E /* XNMatrix.h */ = {isa = PBXFileReference; fileEncoding = 4; lastKnownFileType = sourcecode.c.h; path = XNMatrix.h; sourceTree = "<group>"; };
		E575221710B64C39004D572E /* XNMatrix.m */ = {isa = PBXFileReference; fileEncoding = 4; lastKnownFileType = sourcecode.c.objc; path = XNMatrix.m; sourceTree = "<group>"; };
		E575221F10B64C68004D572E /* XNLinearEquationSystem.h */ = {isa = PBXFileReference; fileEncoding = 4; lastKnownFileType = sourcecode.c.h; path = XNLinearEquationSystem.h; sourceTree = "<group>"; };
		E575222010B64C68004D572E /* XNLinearEquationSystem.m */ = {isa = PBXFileReference; fileEncoding = 4; lastKnownFileType = sourcecode.c.objc; path = XNLinearEquationSystem.m; sourceTree = "<group>"; };
		E575222910B64C7F004D572E /* XNCubicSpline.h */ = {isa = PBXFileReference; fileEncoding = 4; lastKnownFileType = sourcecode.c.h; path = XNCubicSpline.h; sourceTree = "<group>"; };
		E575222A10B64C7F004D572E /* XNCubicSpline.m */ = {isa = PBXFileReference; fileEncoding = 4; lastKnownFileType = sourcecode.c.objc; path = XNCubicSpline.m; sourceTree = "<group>"; };
		E57522EE10B6661C004D572E /* XNLinearSpline.h */ = {isa = PBXFileReference; fileEncoding = 4; lastKnownFileType = sourcecode.c.h; path = XNLinearSpline.h; sourceTree = "<group>"; };
		E57522EF10B6661C004D572E /* XNLinearSpline.m */ = {isa = PBXFileReference; fileEncoding = 4; lastKnownFileType = sourcecode.c.objc; path = XNLinearSpline.m; sourceTree = "<group>"; };
		E575248510B7968D004D572E /* README.textile */ = {isa = PBXFileReference; fileEncoding = 4; lastKnownFileType = text; path = README.textile; sourceTree = "<group>"; };
		E575249D10B79A67004D572E /* PLPlot planning.graffle */ = {isa = PBXFileReference; fileEncoding = 4; lastKnownFileType = text.xml; name = "PLPlot planning.graffle"; path = "doc/PLPlot planning.graffle"; sourceTree = "<group>"; };
/* End PBXFileReference section */

/* Begin PBXFrameworksBuildPhase section */
		8DC2EF560486A6940098B216 /* Frameworks */ = {
			isa = PBXFrameworksBuildPhase;
			buildActionMask = 2147483647;
			files = (
				8DC2EF570486A6940098B216 /* Cocoa.framework in Frameworks */,
				E518ABE810B9E71800D2E454 /* libplplot.dylib in Frameworks */,
			);
			runOnlyForDeploymentPostprocessing = 0;
		};
		E575215A10B64B6D004D572E /* Frameworks */ = {
			isa = PBXFrameworksBuildPhase;
			buildActionMask = 2147483647;
			files = (
				E575220E10B64BE5004D572E /* Cocoa.framework in Frameworks */,
				E575217510B64BC6004D572E /* SenTestingKit.framework in Frameworks */,
				E518ABE710B9E71700D2E454 /* libplplot.dylib in Frameworks */,
			);
			runOnlyForDeploymentPostprocessing = 0;
		};
/* End PBXFrameworksBuildPhase section */

/* Begin PBXGroup section */
		034768DFFF38A50411DB9C8B /* Products */ = {
			isa = PBXGroup;
			children = (
				8DC2EF5B0486A6940098B216 /* XNMaths.framework */,
				E575215D10B64B6D004D572E /* Test.octest */,
			);
			name = Products;
			sourceTree = "<group>";
		};
		0867D691FE84028FC02AAC07 /* XNMaths */ = {
			isa = PBXGroup;
			children = (
				E575216210B64B8E004D572E /* Test */,
				E5751F2B10B60483004D572E /* Dependencies */,
				08FB77AEFE84172EC02AAC07 /* Classes */,
				32C88DFF0371C24200C91783 /* Other Sources */,
				089C1665FE841158C02AAC07 /* Resources */,
				0867D69AFE84028FC02AAC07 /* External Frameworks and Libraries */,
				034768DFFF38A50411DB9C8B /* Products */,
				E575215E10B64B6D004D572E /* Test-Info.plist */,
			);
			name = XNMaths;
			sourceTree = "<group>";
		};
		0867D69AFE84028FC02AAC07 /* External Frameworks and Libraries */ = {
			isa = PBXGroup;
			children = (
				1058C7B0FEA5585E11CA2CBB /* Linked Frameworks */,
				1058C7B2FEA5585E11CA2CBB /* Other Frameworks */,
			);
			name = "External Frameworks and Libraries";
			sourceTree = "<group>";
		};
		089C1665FE841158C02AAC07 /* Resources */ = {
			isa = PBXGroup;
			children = (
				E575249D10B79A67004D572E /* PLPlot planning.graffle */,
				E575248510B7968D004D572E /* README.textile */,
				8DC2EF5A0486A6940098B216 /* Info.plist */,
				089C1666FE841158C02AAC07 /* InfoPlist.strings */,
			);
			name = Resources;
			sourceTree = "<group>";
		};
		08FB77AEFE84172EC02AAC07 /* Classes */ = {
			isa = PBXGroup;
			children = (
				E5751F5D10B60516004D572E /* XNFunction.h */,
				E5751F5E10B60516004D572E /* XNFunction.m */,
				E5751F6110B60522004D572E /* XNFunction+LagrangeInterpolation.h */,
				E5751F6210B60522004D572E /* XNFunction+LagrangeInterpolation.m */,
				E5751F6310B60522004D572E /* XNFunction+NewtonInterpolation.h */,
				E5751F6410B60522004D572E /* XNFunction+NewtonInterpolation.m */,
				E575222910B64C7F004D572E /* XNCubicSpline.h */,
				E575222A10B64C7F004D572E /* XNCubicSpline.m */,
				E57522EE10B6661C004D572E /* XNLinearSpline.h */,
				E57522EF10B6661C004D572E /* XNLinearSpline.m */,
				E575221410B64C39004D572E /* XNVector.h */,
				E575221510B64C39004D572E /* XNVector.m */,
				E575221610B64C39004D572E /* XNMatrix.h */,
				E575221710B64C39004D572E /* XNMatrix.m */,
				E575221F10B64C68004D572E /* XNLinearEquationSystem.h */,
				E575222010B64C68004D572E /* XNLinearEquationSystem.m */,
				E518AD6210BB22C800D2E454 /* XN2DPlot.h */,
				E518AD6310BB22C800D2E454 /* XN2DPlot.m */,
				E518AD7810BB262700D2E454 /* XNLineData.h */,
				E518AD7910BB262700D2E454 /* XNLineData.m */,
				E518B00910BB471500D2E454 /* XNFloatRange.h */,
				E518B00A10BB471500D2E454 /* XNFloatRange.m */,
			);
			name = Classes;
			sourceTree = "<group>";
		};
		1058C7B0FEA5585E11CA2CBB /* Linked Frameworks */ = {
			isa = PBXGroup;
			children = (
				E518ABE610B9E71700D2E454 /* libplplot.dylib */,
				1058C7B1FEA5585E11CA2CBB /* Cocoa.framework */,
			);
			name = "Linked Frameworks";
			sourceTree = "<group>";
		};
		1058C7B2FEA5585E11CA2CBB /* Other Frameworks */ = {
			isa = PBXGroup;
			children = (
				E575217410B64BC6004D572E /* SenTestingKit.framework */,
				0867D6A5FE840307C02AAC07 /* AppKit.framework */,
				D2F7E79907B2D74100F64583 /* CoreData.framework */,
				0867D69BFE84028FC02AAC07 /* Foundation.framework */,
			);
			name = "Other Frameworks";
			sourceTree = "<group>";
		};
		32C88DFF0371C24200C91783 /* Other Sources */ = {
			isa = PBXGroup;
			children = (
				E5751F0F10B602D8004D572E /* XNMaths.h */,
				32DBCF5E0370ADEE00C91783 /* XNMaths_Prefix.pch */,
			);
			name = "Other Sources";
			sourceTree = "<group>";
		};
		E5751F2B10B60483004D572E /* Dependencies */ = {
			isa = PBXGroup;
			children = (
				E5751F2C10B60492004D572E /* GCMathParser */,
			);
			name = Dependencies;
			sourceTree = "<group>";
		};
		E5751F2C10B60492004D572E /* GCMathParser */ = {
			isa = PBXGroup;
			children = (
				E5751F2D10B60492004D572E /* GCMathParser.h */,
				E5751F2E10B60492004D572E /* GCMathParser.m */,
				E5751F2F10B60492004D572E /* ZExpParser.h */,
				E5751F3010B60492004D572E /* ZExpParser.mm */,
			);
			name = GCMathParser;
			sourceTree = "<group>";
		};
		E575216210B64B8E004D572E /* Test */ = {
			isa = PBXGroup;
			children = (
				E575216310B64B8E004D572E /* XNVectorTest.h */,
				E575216510B64B8E004D572E /* XNMatrixTest.h */,
				E575216410B64B8E004D572E /* XNVectorTest.m */,
				E575216610B64B8E004D572E /* XNMatrixTest.m */,
				E575216710B64B8E004D572E /* XNLinearEquationSystemTest.h */,
				E575216810B64B8E004D572E /* XNLinearEquationSystemTest.m */,
				E575216910B64B8E004D572E /* CubicSplineTest.h */,
				E575216A10B64B8E004D572E /* CubicSplineTest.m */,
			);
			name = Test;
			sourceTree = "<group>";
		};
/* End PBXGroup section */

/* Begin PBXHeadersBuildPhase section */
		8DC2EF500486A6940098B216 /* Headers */ = {
			isa = PBXHeadersBuildPhase;
			buildActionMask = 2147483647;
			files = (
				E575221C10B64C39004D572E /* XNMatrix.h in Headers */,
				E575221A10B64C39004D572E /* XNVector.h in Headers */,
				E5751F1110B602D8004D572E /* XNMaths.h in Headers */,
				E5751F3110B60492004D572E /* GCMathParser.h in Headers */,
				E5751F3310B60492004D572E /* ZExpParser.h in Headers */,
				E5751F5F10B60516004D572E /* XNFunction.h in Headers */,
				E5751F6510B60522004D572E /* XNFunction+LagrangeInterpolation.h in Headers */,
				E5751F6710B60522004D572E /* XNFunction+NewtonInterpolation.h in Headers */,
				E575222210B64C68004D572E /* XNLinearEquationSystem.h in Headers */,
				E575222C10B64C7F004D572E /* XNCubicSpline.h in Headers */,
				E57522F110B6661C004D572E /* XNLinearSpline.h in Headers */,
				E518AD6410BB22C800D2E454 /* XN2DPlot.h in Headers */,
				E518AD7A10BB262700D2E454 /* XNLineData.h in Headers */,
				E518B00B10BB471500D2E454 /* XNFloatRange.h in Headers */,
			);
			runOnlyForDeploymentPostprocessing = 0;
		};
/* End PBXHeadersBuildPhase section */

/* Begin PBXNativeTarget section */
		8DC2EF4F0486A6940098B216 /* XNMaths */ = {
			isa = PBXNativeTarget;
			buildConfigurationList = 1DEB91AD08733DA50010E9CD /* Build configuration list for PBXNativeTarget "XNMaths" */;
			buildPhases = (
				8DC2EF500486A6940098B216 /* Headers */,
				8DC2EF520486A6940098B216 /* Resources */,
				8DC2EF540486A6940098B216 /* Sources */,
				8DC2EF560486A6940098B216 /* Frameworks */,
			);
			buildRules = (
			);
			dependencies = (
			);
			name = XNMaths;
			productInstallPath = "$(HOME)/Library/Frameworks";
			productName = XNMaths;
			productReference = 8DC2EF5B0486A6940098B216 /* XNMaths.framework */;
			productType = "com.apple.product-type.framework";
		};
		E575215C10B64B6D004D572E /* Test */ = {
			isa = PBXNativeTarget;
			buildConfigurationList = E575216110B64B6E004D572E /* Build configuration list for PBXNativeTarget "Test" */;
			buildPhases = (
				E575215810B64B6D004D572E /* Resources */,
				E575215910B64B6D004D572E /* Sources */,
				E575215A10B64B6D004D572E /* Frameworks */,
				E575215B10B64B6D004D572E /* ShellScript */,
			);
			buildRules = (
			);
			dependencies = (
			);
			name = Test;
			productName = Test;
			productReference = E575215D10B64B6D004D572E /* Test.octest */;
			productType = "com.apple.product-type.bundle";
		};
/* End PBXNativeTarget section */

/* Begin PBXProject section */
		0867D690FE84028FC02AAC07 /* Project object */ = {
			isa = PBXProject;
			buildConfigurationList = 1DEB91B108733DA50010E9CD /* Build configuration list for PBXProject "XNMaths" */;
			compatibilityVersion = "Xcode 3.1";
			hasScannedForEncodings = 1;
			mainGroup = 0867D691FE84028FC02AAC07 /* XNMaths */;
			productRefGroup = 034768DFFF38A50411DB9C8B /* Products */;
			projectDirPath = "";
			projectRoot = "";
			targets = (
				8DC2EF4F0486A6940098B216 /* XNMaths */,
				E575215C10B64B6D004D572E /* Test */,
			);
		};
/* End PBXProject section */

/* Begin PBXResourcesBuildPhase section */
		8DC2EF520486A6940098B216 /* Resources */ = {
			isa = PBXResourcesBuildPhase;
			buildActionMask = 2147483647;
			files = (
				8DC2EF530486A6940098B216 /* InfoPlist.strings in Resources */,
				E575248710B7968E004D572E /* README.textile in Resources */,
				E575249F10B79A67004D572E /* PLPlot planning.graffle in Resources */,
			);
			runOnlyForDeploymentPostprocessing = 0;
		};
		E575215810B64B6D004D572E /* Resources */ = {
			isa = PBXResourcesBuildPhase;
			buildActionMask = 2147483647;
			files = (
				E575248610B7968D004D572E /* README.textile in Resources */,
				E575249E10B79A67004D572E /* PLPlot planning.graffle in Resources */,
			);
			runOnlyForDeploymentPostprocessing = 0;
		};
/* End PBXResourcesBuildPhase section */

/* Begin PBXShellScriptBuildPhase section */
		E575215B10B64B6D004D572E /* ShellScript */ = {
			isa = PBXShellScriptBuildPhase;
			buildActionMask = 2147483647;
			files = (
			);
			inputPaths = (
			);
			outputPaths = (
			);
			runOnlyForDeploymentPostprocessing = 0;
			shellPath = /bin/sh;
			shellScript = "# Run the unit tests in this test bundle.\n\"${SYSTEM_DEVELOPER_DIR}/Tools/RunUnitTests\"\n";
		};
/* End PBXShellScriptBuildPhase section */

/* Begin PBXSourcesBuildPhase section */
		8DC2EF540486A6940098B216 /* Sources */ = {
			isa = PBXSourcesBuildPhase;
			buildActionMask = 2147483647;
			files = (
				E5751F3210B60492004D572E /* GCMathParser.m in Sources */,
				E5751F3410B60492004D572E /* ZExpParser.mm in Sources */,
				E5751F6010B60516004D572E /* XNFunction.m in Sources */,
				E5751F6610B60522004D572E /* XNFunction+LagrangeInterpolation.m in Sources */,
				E5751F6810B60522004D572E /* XNFunction+NewtonInterpolation.m in Sources */,
				E575221B10B64C39004D572E /* XNVector.m in Sources */,
				E575221D10B64C39004D572E /* XNMatrix.m in Sources */,
				E575222310B64C68004D572E /* XNLinearEquationSystem.m in Sources */,
				E575222D10B64C7F004D572E /* XNCubicSpline.m in Sources */,
				E57522F210B6661C004D572E /* XNLinearSpline.m in Sources */,
				E518AD6510BB22C800D2E454 /* XN2DPlot.m in Sources */,
				E518AD7B10BB262700D2E454 /* XNLineData.m in Sources */,
				E518B00C10BB471500D2E454 /* XNFloatRange.m in Sources */,
			);
			runOnlyForDeploymentPostprocessing = 0;
		};
		E575215910B64B6D004D572E /* Sources */ = {
			isa = PBXSourcesBuildPhase;
			buildActionMask = 2147483647;
			files = (
				E575216B10B64B8E004D572E /* XNVectorTest.m in Sources */,
				E575216C10B64B8E004D572E /* XNMatrixTest.m in Sources */,
				E575216D10B64B8E004D572E /* XNLinearEquationSystemTest.m in Sources */,
				E575216E10B64B8E004D572E /* CubicSplineTest.m in Sources */,
				E575221810B64C39004D572E /* XNVector.m in Sources */,
				E575221910B64C39004D572E /* XNMatrix.m in Sources */,
				E575222110B64C68004D572E /* XNLinearEquationSystem.m in Sources */,
				E575222B10B64C7F004D572E /* XNCubicSpline.m in Sources */,
				E57522F010B6661C004D572E /* XNLinearSpline.m in Sources */,
				E518AD6610BB22C800D2E454 /* XN2DPlot.m in Sources */,
				E518AD7C10BB262700D2E454 /* XNLineData.m in Sources */,
				E518B00D10BB471500D2E454 /* XNFloatRange.m in Sources */,
			);
			runOnlyForDeploymentPostprocessing = 0;
		};
/* End PBXSourcesBuildPhase section */

/* Begin PBXVariantGroup section */
		089C1666FE841158C02AAC07 /* InfoPlist.strings */ = {
			isa = PBXVariantGroup;
			children = (
				089C1667FE841158C02AAC07 /* English */,
			);
			name = InfoPlist.strings;
			sourceTree = "<group>";
		};
/* End PBXVariantGroup section */

/* Begin XCBuildConfiguration section */
		1DEB91AE08733DA50010E9CD /* Debug */ = {
			isa = XCBuildConfiguration;
			buildSettings = {
				ALWAYS_SEARCH_USER_PATHS = NO;
				COPY_PHASE_STRIP = NO;
				DYLIB_COMPATIBILITY_VERSION = 1;
				DYLIB_CURRENT_VERSION = 1;
				FRAMEWORK_SEARCH_PATHS = (
					"$(inherited)",
					"\"$(SRCROOT)\"",
				);
				FRAMEWORK_VERSION = A;
				GCC_DYNAMIC_NO_PIC = NO;
				GCC_ENABLE_FIX_AND_CONTINUE = YES;
				GCC_MODEL_TUNING = G5;
				GCC_OPTIMIZATION_LEVEL = 0;
				GCC_PRECOMPILE_PREFIX_HEADER = YES;
				GCC_PREFIX_HEADER = XNMaths_Prefix.pch;
				INFOPLIST_FILE = Info.plist;
				INSTALL_PATH = "$(HOME)/Library/Frameworks";
				LIBRARY_SEARCH_PATHS = (
					"$(inherited)",
					"\"$(SRCROOT)\"",
					/opt/local/lib,
				);
				PRODUCT_NAME = XNMaths;
				WRAPPER_EXTENSION = framework;
			};
			name = Debug;
		};
		1DEB91AF08733DA50010E9CD /* Release */ = {
			isa = XCBuildConfiguration;
			buildSettings = {
				ALWAYS_SEARCH_USER_PATHS = NO;
				DEBUG_INFORMATION_FORMAT = "dwarf-with-dsym";
				DYLIB_COMPATIBILITY_VERSION = 1;
				DYLIB_CURRENT_VERSION = 1;
				FRAMEWORK_SEARCH_PATHS = (
					"$(inherited)",
					"\"$(SRCROOT)\"",
				);
				FRAMEWORK_VERSION = A;
				GCC_MODEL_TUNING = G5;
				GCC_PRECOMPILE_PREFIX_HEADER = YES;
				GCC_PREFIX_HEADER = XNMaths_Prefix.pch;
				INFOPLIST_FILE = Info.plist;
				INSTALL_PATH = "$(HOME)/Library/Frameworks";
				LIBRARY_SEARCH_PATHS = (
					"$(inherited)",
					"\"$(SRCROOT)\"",
					/opt/local/lib,
				);
				PRODUCT_NAME = XNMaths;
				WRAPPER_EXTENSION = framework;
			};
			name = Release;
		};
		1DEB91B208733DA50010E9CD /* Debug */ = {
			isa = XCBuildConfiguration;
			buildSettings = {
				ARCHS = "$(ARCHS_STANDARD_32_BIT)";
				GCC_C_LANGUAGE_STANDARD = c99;
				GCC_OPTIMIZATION_LEVEL = 0;
				GCC_WARN_ABOUT_RETURN_TYPE = YES;
				GCC_WARN_UNUSED_VARIABLE = YES;
				HEADER_SEARCH_PATHS = "/usr/local/include/**";
				LIBRARY_SEARCH_PATHS = "";
				ONLY_ACTIVE_ARCH = YES;
				PREBINDING = NO;
				SDKROOT = macosx10.5;
			};
			name = Debug;
		};
		1DEB91B308733DA50010E9CD /* Release */ = {
			isa = XCBuildConfiguration;
			buildSettings = {
				ARCHS = "$(ARCHS_STANDARD_32_BIT)";
				GCC_C_LANGUAGE_STANDARD = c99;
				GCC_WARN_ABOUT_RETURN_TYPE = YES;
				GCC_WARN_UNUSED_VARIABLE = YES;
				PREBINDING = NO;
				SDKROOT = macosx10.5;
			};
			name = Release;
		};
		E575215F10B64B6E004D572E /* Debug */ = {
			isa = XCBuildConfiguration;
			buildSettings = {
				ALWAYS_SEARCH_USER_PATHS = NO;
				COPY_PHASE_STRIP = NO;
				FRAMEWORK_SEARCH_PATHS = (
					"$(DEVELOPER_LIBRARY_DIR)/Frameworks",
					"\"$(SRCROOT)\"",
				);
				GCC_DYNAMIC_NO_PIC = NO;
				GCC_ENABLE_FIX_AND_CONTINUE = NO;
				GCC_ENABLE_OBJC_EXCEPTIONS = YES;
				GCC_MODEL_TUNING = G5;
				GCC_OPTIMIZATION_LEVEL = 0;
				GCC_PRECOMPILE_PREFIX_HEADER = YES;
				GCC_PREFIX_HEADER = "$(SYSTEM_LIBRARY_DIR)/Frameworks/Cocoa.framework/Headers/Cocoa.h";
				INFOPLIST_FILE = "Test-Info.plist";
				INSTALL_PATH = "$(USER_LIBRARY_DIR)/Bundles";
				LIBRARY_SEARCH_PATHS = (
					"$(inherited)",
					"\"$(SRCROOT)\"",
					/opt/local/lib,
				);
				OTHER_LDFLAGS = (
					"-framework",
					Cocoa,
					"-framework",
					SenTestingKit,
				);
				PREBINDING = NO;
				PRODUCT_NAME = Test;
				WRAPPER_EXTENSION = octest;
			};
			name = Debug;
		};
		E575216010B64B6E004D572E /* Release */ = {
			isa = XCBuildConfiguration;
			buildSettings = {
				ALWAYS_SEARCH_USER_PATHS = NO;
				COPY_PHASE_STRIP = YES;
				DEBUG_INFORMATION_FORMAT = "dwarf-with-dsym";
				FRAMEWORK_SEARCH_PATHS = (
					"$(DEVELOPER_LIBRARY_DIR)/Frameworks",
					"\"$(SRCROOT)\"",
				);
				GCC_ENABLE_FIX_AND_CONTINUE = NO;
				GCC_ENABLE_OBJC_EXCEPTIONS = YES;
				GCC_MODEL_TUNING = G5;
				GCC_PRECOMPILE_PREFIX_HEADER = YES;
				GCC_PREFIX_HEADER = "$(SYSTEM_LIBRARY_DIR)/Frameworks/Cocoa.framework/Headers/Cocoa.h";
				INFOPLIST_FILE = "Test-Info.plist";
				INSTALL_PATH = "$(USER_LIBRARY_DIR)/Bundles";
				LIBRARY_SEARCH_PATHS = (
					"$(inherited)",
					"\"$(SRCROOT)\"",
					/opt/local/lib,
				);
				OTHER_LDFLAGS = (
					"-framework",
					Cocoa,
					"-framework",
					SenTestingKit,
				);
				PREBINDING = NO;
				PRODUCT_NAME = Test;
				WRAPPER_EXTENSION = octest;
				ZERO_LINK = NO;
			};
			name = Release;
		};
/* End XCBuildConfiguration section */

/* Begin XCConfigurationList section */
		1DEB91AD08733DA50010E9CD /* Build configuration list for PBXNativeTarget "XNMaths" */ = {
			isa = XCConfigurationList;
			buildConfigurations = (
				1DEB91AE08733DA50010E9CD /* Debug */,
				1DEB91AF08733DA50010E9CD /* Release */,
			);
			defaultConfigurationIsVisible = 0;
			defaultConfigurationName = Release;
		};
		1DEB91B108733DA50010E9CD /* Build configuration list for PBXProject "XNMaths" */ = {
			isa = XCConfigurationList;
			buildConfigurations = (
				1DEB91B208733DA50010E9CD /* Debug */,
				1DEB91B308733DA50010E9CD /* Release */,
			);
			defaultConfigurationIsVisible = 0;
			defaultConfigurationName = Release;
		};
		E575216110B64B6E004D572E /* Build configuration list for PBXNativeTarget "Test" */ = {
			isa = XCConfigurationList;
			buildConfigurations = (
				E575215F10B64B6E004D572E /* Debug */,
				E575216010B64B6E004D572E /* Release */,
			);
			defaultConfigurationIsVisible = 0;
			defaultConfigurationName = Release;
		};
/* End XCConfigurationList section */
	};
	rootObject = 0867D690FE84028FC02AAC07 /* Project object */;
}
